// !$*UTF8*$!
{
	archiveVersion = 1;
	classes = {
	};
	objectVersion = 48;
	objects = {

/* Begin PBXBuildFile section */
		E039495A201CD50500413C94 /* AppDelegate.swift in Sources */ = {isa = PBXBuildFile; fileRef = E0394959201CD50500413C94 /* AppDelegate.swift */; };
		E039495C201CD50500413C94 /* ViewController.swift in Sources */ = {isa = PBXBuildFile; fileRef = E039495B201CD50500413C94 /* ViewController.swift */; };
		E039495F201CD50500413C94 /* Main.storyboard in Resources */ = {isa = PBXBuildFile; fileRef = E039495D201CD50500413C94 /* Main.storyboard */; };
		E0394961201CD50500413C94 /* Assets.xcassets in Resources */ = {isa = PBXBuildFile; fileRef = E0394960201CD50500413C94 /* Assets.xcassets */; };
		E0394964201CD50500413C94 /* LaunchScreen.storyboard in Resources */ = {isa = PBXBuildFile; fileRef = E0394962201CD50500413C94 /* LaunchScreen.storyboard */; };
		E039496F201CD50500413C94 /* RxSwiftFeedTests.swift in Sources */ = {isa = PBXBuildFile; fileRef = E039496E201CD50500413C94 /* RxSwiftFeedTests.swift */; };
/* End PBXBuildFile section */

/* Begin PBXContainerItemProxy section */
		E039496B201CD50500413C94 /* PBXContainerItemProxy */ = {
			isa = PBXContainerItemProxy;
			containerPortal = E039494E201CD50500413C94 /* Project object */;
			proxyType = 1;
			remoteGlobalIDString = E0394955201CD50500413C94;
			remoteInfo = RxSwiftFeed;
		};
/* End PBXContainerItemProxy section */

/* Begin PBXFileReference section */
		E0394956201CD50500413C94 /* RxSwiftFeed.app */ = {isa = PBXFileReference; explicitFileType = wrapper.application; includeInIndex = 0; path = RxSwiftFeed.app; sourceTree = BUILT_PRODUCTS_DIR; };
		E0394959201CD50500413C94 /* AppDelegate.swift */ = {isa = PBXFileReference; lastKnownFileType = sourcecode.swift; path = AppDelegate.swift; sourceTree = "<group>"; };
		E039495B201CD50500413C94 /* ViewController.swift */ = {isa = PBXFileReference; lastKnownFileType = sourcecode.swift; path = ViewController.swift; sourceTree = "<group>"; };
		E039495E201CD50500413C94 /* Base */ = {isa = PBXFileReference; lastKnownFileType = file.storyboard; name = Base; path = Base.lproj/Main.storyboard; sourceTree = "<group>"; };
		E0394960201CD50500413C94 /* Assets.xcassets */ = {isa = PBXFileReference; lastKnownFileType = folder.assetcatalog; path = Assets.xcassets; sourceTree = "<group>"; };
		E0394963201CD50500413C94 /* Base */ = {isa = PBXFileReference; lastKnownFileType = file.storyboard; name = Base; path = Base.lproj/LaunchScreen.storyboard; sourceTree = "<group>"; };
		E0394965201CD50500413C94 /* Info.plist */ = {isa = PBXFileReference; lastKnownFileType = text.plist.xml; path = Info.plist; sourceTree = "<group>"; };
		E039496A201CD50500413C94 /* RxSwiftFeedTests.xctest */ = {isa = PBXFileReference; explicitFileType = wrapper.cfbundle; includeInIndex = 0; path = RxSwiftFeedTests.xctest; sourceTree = BUILT_PRODUCTS_DIR; };
		E039496E201CD50500413C94 /* RxSwiftFeedTests.swift */ = {isa = PBXFileReference; lastKnownFileType = sourcecode.swift; path = RxSwiftFeedTests.swift; sourceTree = "<group>"; };
		E0394970201CD50500413C94 /* Info.plist */ = {isa = PBXFileReference; lastKnownFileType = text.plist.xml; path = Info.plist; sourceTree = "<group>"; };
/* End PBXFileReference section */

/* Begin PBXFrameworksBuildPhase section */
		E0394953201CD50500413C94 /* Frameworks */ = {
			isa = PBXFrameworksBuildPhase;
			buildActionMask = 2147483647;
			files = (
			);
			runOnlyForDeploymentPostprocessing = 0;
		};
		E0394967201CD50500413C94 /* Frameworks */ = {
			isa = PBXFrameworksBuildPhase;
			buildActionMask = 2147483647;
			files = (
			);
			runOnlyForDeploymentPostprocessing = 0;
		};
/* End PBXFrameworksBuildPhase section */

/* Begin PBXGroup section */
		E039494D201CD50500413C94 = {
			isa = PBXGroup;
			children = (
				E0394958201CD50500413C94 /* RxSwiftFeed */,
				E039496D201CD50500413C94 /* RxSwiftFeedTests */,
				E0394957201CD50500413C94 /* Products */,
			);
			sourceTree = "<group>";
		};
		E0394957201CD50500413C94 /* Products */ = {
			isa = PBXGroup;
			children = (
				E0394956201CD50500413C94 /* RxSwiftFeed.app */,
				E039496A201CD50500413C94 /* RxSwiftFeedTests.xctest */,
			);
			name = Products;
			sourceTree = "<group>";
		};
		E0394958201CD50500413C94 /* RxSwiftFeed */ = {
			isa = PBXGroup;
			children = (
				E0394959201CD50500413C94 /* AppDelegate.swift */,
				E039495B201CD50500413C94 /* ViewController.swift */,
				E039495D201CD50500413C94 /* Main.storyboard */,
				E0394960201CD50500413C94 /* Assets.xcassets */,
				E0394962201CD50500413C94 /* LaunchScreen.storyboard */,
				E0394965201CD50500413C94 /* Info.plist */,
			);
			path = RxSwiftFeed;
			sourceTree = "<group>";
		};
		E039496D201CD50500413C94 /* RxSwiftFeedTests */ = {
			isa = PBXGroup;
			children = (
				E039496E201CD50500413C94 /* RxSwiftFeedTests.swift */,
				E0394970201CD50500413C94 /* Info.plist */,
			);
			path = RxSwiftFeedTests;
			sourceTree = "<group>";
		};
/* End PBXGroup section */

/* Begin PBXNativeTarget section */
		E0394955201CD50500413C94 /* RxSwiftFeed */ = {
			isa = PBXNativeTarget;
			buildConfigurationList = E0394973201CD50500413C94 /* Build configuration list for PBXNativeTarget "RxSwiftFeed" */;
			buildPhases = (
				E0394952201CD50500413C94 /* Sources */,
				E0394953201CD50500413C94 /* Frameworks */,
				E0394954201CD50500413C94 /* Resources */,
			);
			buildRules = (
			);
			dependencies = (
			);
			name = RxSwiftFeed;
			productName = RxSwiftFeed;
			productReference = E0394956201CD50500413C94 /* RxSwiftFeed.app */;
			productType = "com.apple.product-type.application";
		};
		E0394969201CD50500413C94 /* RxSwiftFeedTests */ = {
			isa = PBXNativeTarget;
			buildConfigurationList = E0394976201CD50500413C94 /* Build configuration list for PBXNativeTarget "RxSwiftFeedTests" */;
			buildPhases = (
				E0394966201CD50500413C94 /* Sources */,
				E0394967201CD50500413C94 /* Frameworks */,
				E0394968201CD50500413C94 /* Resources */,
			);
			buildRules = (
			);
			dependencies = (
				E039496C201CD50500413C94 /* PBXTargetDependency */,
			);
			name = RxSwiftFeedTests;
			productName = RxSwiftFeedTests;
			productReference = E039496A201CD50500413C94 /* RxSwiftFeedTests.xctest */;
			productType = "com.apple.product-type.bundle.unit-test";
		};
/* End PBXNativeTarget section */

/* Begin PBXProject section */
		E039494E201CD50500413C94 /* Project object */ = {
			isa = PBXProject;
			attributes = {
				LastSwiftUpdateCheck = 0920;
				LastUpgradeCheck = 0920;
				ORGANIZATIONNAME = "Amadeu Andrade";
				TargetAttributes = {
					E0394955201CD50500413C94 = {
						CreatedOnToolsVersion = 9.2;
						ProvisioningStyle = Automatic;
					};
					E0394969201CD50500413C94 = {
						CreatedOnToolsVersion = 9.2;
						ProvisioningStyle = Automatic;
						TestTargetID = E0394955201CD50500413C94;
					};
				};
			};
			buildConfigurationList = E0394951201CD50500413C94 /* Build configuration list for PBXProject "RxSwiftFeed" */;
			compatibilityVersion = "Xcode 8.0";
			developmentRegion = en;
			hasScannedForEncodings = 0;
			knownRegions = (
				en,
				Base,
			);
			mainGroup = E039494D201CD50500413C94;
			productRefGroup = E0394957201CD50500413C94 /* Products */;
			projectDirPath = "";
			projectRoot = "";
			targets = (
				E0394955201CD50500413C94 /* RxSwiftFeed */,
				E0394969201CD50500413C94 /* RxSwiftFeedTests */,
			);
		};
/* End PBXProject section */

/* Begin PBXResourcesBuildPhase section */
		E0394954201CD50500413C94 /* Resources */ = {
			isa = PBXResourcesBuildPhase;
			buildActionMask = 2147483647;
			files = (
				E0394964201CD50500413C94 /* LaunchScreen.storyboard in Resources */,
				E0394961201CD50500413C94 /* Assets.xcassets in Resources */,
				E039495F201CD50500413C94 /* Main.storyboard in Resources */,
			);
			runOnlyForDeploymentPostprocessing = 0;
		};
		E0394968201CD50500413C94 /* Resources */ = {
			isa = PBXResourcesBuildPhase;
			buildActionMask = 2147483647;
			files = (
			);
			runOnlyForDeploymentPostprocessing = 0;
		};
/* End PBXResourcesBuildPhase section */

/* Begin PBXSourcesBuildPhase section */
		E0394952201CD50500413C94 /* Sources */ = {
			isa = PBXSourcesBuildPhase;
			buildActionMask = 2147483647;
			files = (
				E039495C201CD50500413C94 /* ViewController.swift in Sources */,
				E039495A201CD50500413C94 /* AppDelegate.swift in Sources */,
			);
			runOnlyForDeploymentPostprocessing = 0;
		};
		E0394966201CD50500413C94 /* Sources */ = {
			isa = PBXSourcesBuildPhase;
			buildActionMask = 2147483647;
			files = (
				E039496F201CD50500413C94 /* RxSwiftFeedTests.swift in Sources */,
			);
			runOnlyForDeploymentPostprocessing = 0;
		};
/* End PBXSourcesBuildPhase section */

/* Begin PBXTargetDependency section */
		E039496C201CD50500413C94 /* PBXTargetDependency */ = {
			isa = PBXTargetDependency;
			target = E0394955201CD50500413C94 /* RxSwiftFeed */;
			targetProxy = E039496B201CD50500413C94 /* PBXContainerItemProxy */;
		};
/* End PBXTargetDependency section */

/* Begin PBXVariantGroup section */
		E039495D201CD50500413C94 /* Main.storyboard */ = {
			isa = PBXVariantGroup;
			children = (
				E039495E201CD50500413C94 /* Base */,
			);
			name = Main.storyboard;
			sourceTree = "<group>";
		};
		E0394962201CD50500413C94 /* LaunchScreen.storyboard */ = {
			isa = PBXVariantGroup;
			children = (
				E0394963201CD50500413C94 /* Base */,
			);
			name = LaunchScreen.storyboard;
			sourceTree = "<group>";
		};
/* End PBXVariantGroup section */

/* Begin XCBuildConfiguration section */
		E0394971201CD50500413C94 /* Debug */ = {
			isa = XCBuildConfiguration;
			buildSettings = {
				ALWAYS_SEARCH_USER_PATHS = NO;
				CLANG_ANALYZER_NONNULL = YES;
				CLANG_ANALYZER_NUMBER_OBJECT_CONVERSION = YES_AGGRESSIVE;
				CLANG_CXX_LANGUAGE_STANDARD = "gnu++14";
				CLANG_CXX_LIBRARY = "libc++";
				CLANG_ENABLE_MODULES = YES;
				CLANG_ENABLE_OBJC_ARC = YES;
				CLANG_WARN_BLOCK_CAPTURE_AUTORELEASING = YES;
				CLANG_WARN_BOOL_CONVERSION = YES;
				CLANG_WARN_COMMA = YES;
				CLANG_WARN_CONSTANT_CONVERSION = YES;
				CLANG_WARN_DIRECT_OBJC_ISA_USAGE = YES_ERROR;
				CLANG_WARN_DOCUMENTATION_COMMENTS = YES;
				CLANG_WARN_EMPTY_BODY = YES;
				CLANG_WARN_ENUM_CONVERSION = YES;
				CLANG_WARN_INFINITE_RECURSION = YES;
				CLANG_WARN_INT_CONVERSION = YES;
				CLANG_WARN_NON_LITERAL_NULL_CONVERSION = YES;
				CLANG_WARN_OBJC_LITERAL_CONVERSION = YES;
				CLANG_WARN_OBJC_ROOT_CLASS = YES_ERROR;
				CLANG_WARN_RANGE_LOOP_ANALYSIS = YES;
				CLANG_WARN_STRICT_PROTOTYPES = YES;
				CLANG_WARN_SUSPICIOUS_MOVE = YES;
				CLANG_WARN_UNGUARDED_AVAILABILITY = YES_AGGRESSIVE;
				CLANG_WARN_UNREACHABLE_CODE = YES;
				CLANG_WARN__DUPLICATE_METHOD_MATCH = YES;
				CODE_SIGN_IDENTITY = "iPhone Developer";
				COPY_PHASE_STRIP = NO;
				DEBUG_INFORMATION_FORMAT = dwarf;
				ENABLE_STRICT_OBJC_MSGSEND = YES;
				ENABLE_TESTABILITY = YES;
				GCC_C_LANGUAGE_STANDARD = gnu11;
				GCC_DYNAMIC_NO_PIC = NO;
				GCC_NO_COMMON_BLOCKS = YES;
				GCC_OPTIMIZATION_LEVEL = 0;
				GCC_PREPROCESSOR_DEFINITIONS = (
					"DEBUG=1",
					"$(inherited)",
				);
				GCC_WARN_64_TO_32_BIT_CONVERSION = YES;
				GCC_WARN_ABOUT_RETURN_TYPE = YES_ERROR;
				GCC_WARN_UNDECLARED_SELECTOR = YES;
				GCC_WARN_UNINITIALIZED_AUTOS = YES_AGGRESSIVE;
				GCC_WARN_UNUSED_FUNCTION = YES;
				GCC_WARN_UNUSED_VARIABLE = YES;
				IPHONEOS_DEPLOYMENT_TARGET = 11.2;
				MTL_ENABLE_DEBUG_INFO = YES;
				ONLY_ACTIVE_ARCH = YES;
				SDKROOT = iphoneos;
				SWIFT_ACTIVE_COMPILATION_CONDITIONS = DEBUG;
				SWIFT_OPTIMIZATION_LEVEL = "-Onone";
			};
			name = Debug;
		};
		E0394972201CD50500413C94 /* Release */ = {
			isa = XCBuildConfiguration;
			buildSettings = {
				ALWAYS_SEARCH_USER_PATHS = NO;
				CLANG_ANALYZER_NONNULL = YES;
				CLANG_ANALYZER_NUMBER_OBJECT_CONVERSION = YES_AGGRESSIVE;
				CLANG_CXX_LANGUAGE_STANDARD = "gnu++14";
				CLANG_CXX_LIBRARY = "libc++";
				CLANG_ENABLE_MODULES = YES;
				CLANG_ENABLE_OBJC_ARC = YES;
				CLANG_WARN_BLOCK_CAPTURE_AUTORELEASING = YES;
				CLANG_WARN_BOOL_CONVERSION = YES;
				CLANG_WARN_COMMA = YES;
				CLANG_WARN_CONSTANT_CONVERSION = YES;
				CLANG_WARN_DIRECT_OBJC_ISA_USAGE = YES_ERROR;
				CLANG_WARN_DOCUMENTATION_COMMENTS = YES;
				CLANG_WARN_EMPTY_BODY = YES;
				CLANG_WARN_ENUM_CONVERSION = YES;
				CLANG_WARN_INFINITE_RECURSION = YES;
				CLANG_WARN_INT_CONVERSION = YES;
				CLANG_WARN_NON_LITERAL_NULL_CONVERSION = YES;
				CLANG_WARN_OBJC_LITERAL_CONVERSION = YES;
				CLANG_WARN_OBJC_ROOT_CLASS = YES_ERROR;
				CLANG_WARN_RANGE_LOOP_ANALYSIS = YES;
				CLANG_WARN_STRICT_PROTOTYPES = YES;
				CLANG_WARN_SUSPICIOUS_MOVE = YES;
				CLANG_WARN_UNGUARDED_AVAILABILITY = YES_AGGRESSIVE;
				CLANG_WARN_UNREACHABLE_CODE = YES;
				CLANG_WARN__DUPLICATE_METHOD_MATCH = YES;
				CODE_SIGN_IDENTITY = "iPhone Developer";
				COPY_PHASE_STRIP = NO;
				DEBUG_INFORMATION_FORMAT = "dwarf-with-dsym";
				ENABLE_NS_ASSERTIONS = NO;
				ENABLE_STRICT_OBJC_MSGSEND = YES;
				GCC_C_LANGUAGE_STANDARD = gnu11;
				GCC_NO_COMMON_BLOCKS = YES;
				GCC_WARN_64_TO_32_BIT_CONVERSION = YES;
				GCC_WARN_ABOUT_RETURN_TYPE = YES_ERROR;
				GCC_WARN_UNDECLARED_SELECTOR = YES;
				GCC_WARN_UNINITIALIZED_AUTOS = YES_AGGRESSIVE;
				GCC_WARN_UNUSED_FUNCTION = YES;
				GCC_WARN_UNUSED_VARIABLE = YES;
				IPHONEOS_DEPLOYMENT_TARGET = 11.2;
				MTL_ENABLE_DEBUG_INFO = NO;
				SDKROOT = iphoneos;
				SWIFT_OPTIMIZATION_LEVEL = "-Owholemodule";
				VALIDATE_PRODUCT = YES;
			};
			name = Release;
		};
		E0394974201CD50500413C94 /* Debug */ = {
			isa = XCBuildConfiguration;
			buildSettings = {
				ASSETCATALOG_COMPILER_APPICON_NAME = AppIcon;
				CODE_SIGN_STYLE = Automatic;
				DEVELOPMENT_TEAM = P8WVW27EH5;
				INFOPLIST_FILE = RxSwiftFeed/Info.plist;
				LD_RUNPATH_SEARCH_PATHS = "$(inherited) @executable_path/Frameworks";
				PRODUCT_BUNDLE_IDENTIFIER = com.amadeuandrade.RxSwiftFeed;
				PRODUCT_NAME = "$(TARGET_NAME)";
				SWIFT_VERSION = 4.0;
				TARGETED_DEVICE_FAMILY = "1,2";
			};
			name = Debug;
		};
		E0394975201CD50500413C94 /* Release */ = {
			isa = XCBuildConfiguration;
			buildSettings = {
				ASSETCATALOG_COMPILER_APPICON_NAME = AppIcon;
				CODE_SIGN_STYLE = Automatic;
				DEVELOPMENT_TEAM = P8WVW27EH5;
				INFOPLIST_FILE = RxSwiftFeed/Info.plist;
				LD_RUNPATH_SEARCH_PATHS = "$(inherited) @executable_path/Frameworks";
				PRODUCT_BUNDLE_IDENTIFIER = com.amadeuandrade.RxSwiftFeed;
				PRODUCT_NAME = "$(TARGET_NAME)";
				SWIFT_VERSION = 4.0;
				TARGETED_DEVICE_FAMILY = "1,2";
			};
			name = Release;
		};
		E0394977201CD50500413C94 /* Debug */ = {
			isa = XCBuildConfiguration;
			buildSettings = {
				ALWAYS_EMBED_SWIFT_STANDARD_LIBRARIES = YES;
				BUNDLE_LOADER = "$(TEST_HOST)";
				CODE_SIGN_STYLE = Automatic;
				DEVELOPMENT_TEAM = P8WVW27EH5;
				INFOPLIST_FILE = RxSwiftFeedTests/Info.plist;
				LD_RUNPATH_SEARCH_PATHS = "$(inherited) @executable_path/Frameworks @loader_path/Frameworks";
				PRODUCT_BUNDLE_IDENTIFIER = com.amadeuandrade.RxSwiftFeedTests;
				PRODUCT_NAME = "$(TARGET_NAME)";
				SWIFT_VERSION = 4.0;
				TARGETED_DEVICE_FAMILY = "1,2";
				TEST_HOST = "$(BUILT_PRODUCTS_DIR)/RxSwiftFeed.app/RxSwiftFeed";
			};
			name = Debug;
		};
		E0394978201CD50500413C94 /* Release */ = {
			isa = XCBuildConfiguration;
			buildSettings = {
				ALWAYS_EMBED_SWIFT_STANDARD_LIBRARIES = YES;
				BUNDLE_LOADER = "$(TEST_HOST)";
				CODE_SIGN_STYLE = Automatic;
				DEVELOPMENT_TEAM = P8WVW27EH5;
				INFOPLIST_FILE = RxSwiftFeedTests/Info.plist;
				LD_RUNPATH_SEARCH_PATHS = "$(inherited) @executable_path/Frameworks @loader_path/Frameworks";
				PRODUCT_BUNDLE_IDENTIFIER = com.amadeuandrade.RxSwiftFeedTests;
				PRODUCT_NAME = "$(TARGET_NAME)";
				SWIFT_VERSION = 4.0;
				TARGETED_DEVICE_FAMILY = "1,2";
				TEST_HOST = "$(BUILT_PRODUCTS_DIR)/RxSwiftFeed.app/RxSwiftFeed";
			};
			name = Release;
		};
/* End XCBuildConfiguration section */

/* Begin XCConfigurationList section */
		E0394951201CD50500413C94 /* Build configuration list for PBXProject "RxSwiftFeed" */ = {
			isa = XCConfigurationList;
			buildConfigurations = (
				E0394971201CD50500413C94 /* Debug */,
				E0394972201CD50500413C94 /* Release */,
			);
			defaultConfigurationIsVisible = 0;
			defaultConfigurationName = Release;
		};
		E0394973201CD50500413C94 /* Build configuration list for PBXNativeTarget "RxSwiftFeed" */ = {
			isa = XCConfigurationList;
			buildConfigurations = (
				E0394974201CD50500413C94 /* Debug */,
				E0394975201CD50500413C94 /* Release */,
			);
			defaultConfigurationIsVisible = 0;
			defaultConfigurationName = Release;
		};
		E0394976201CD50500413C94 /* Build configuration list for PBXNativeTarget "RxSwiftFeedTests" */ = {
			isa = XCConfigurationList;
			buildConfigurations = (
				E0394977201CD50500413C94 /* Debug */,
				E0394978201CD50500413C94 /* Release */,
			);
			defaultConfigurationIsVisible = 0;
			defaultConfigurationName = Release;
		};
/* End XCConfigurationList section */
	};
	rootObject = E039494E201CD50500413C94 /* Project object */;
}
