// !$*UTF8*$!
{
	archiveVersion = 1;
	classes = {
	};
	objectVersion = 48;
	objects = {

/* Begin PBXBuildFile section */
		409C834C4F98EAC9F73422E3 /* Pods_RxSwiftFeed.framework in Frameworks */ = {isa = PBXBuildFile; fileRef = CD85E6A959E238E5934541BB /* Pods_RxSwiftFeed.framework */; };
		C6DF37875100E6517D24D88F /* Pods_RxSwiftFeedTests.framework in Frameworks */ = {isa = PBXBuildFile; fileRef = 1BBBA9E5AA512CFBAC101599 /* Pods_RxSwiftFeedTests.framework */; };
		E016DA35201E14FF0043BEE5 /* Events.json in Resources */ = {isa = PBXBuildFile; fileRef = E016DA34201E14FF0043BEE5 /* Events.json */; };
		E016DA3A201E192C0043BEE5 /* GithubAPIClientTests.swift in Sources */ = {isa = PBXBuildFile; fileRef = E016DA39201E192C0043BEE5 /* GithubAPIClientTests.swift */; };
		E016DA3C201E19650043BEE5 /* MockURLSession.swift in Sources */ = {isa = PBXBuildFile; fileRef = E016DA3B201E19650043BEE5 /* MockURLSession.swift */; };
		E016DA42201E24DA0043BEE5 /* URLSessionProtocol.swift in Sources */ = {isa = PBXBuildFile; fileRef = E016DA41201E24DA0043BEE5 /* URLSessionProtocol.swift */; };
		E016DA44201E250C0043BEE5 /* URLSession.swift in Sources */ = {isa = PBXBuildFile; fileRef = E016DA43201E250C0043BEE5 /* URLSession.swift */; };
		E016DA46201E25BF0043BEE5 /* MockURLSessionDataTask.swift in Sources */ = {isa = PBXBuildFile; fileRef = E016DA45201E25BF0043BEE5 /* MockURLSessionDataTask.swift */; };
		E01F834A2022571B0048EB7C /* FeedViewModelTests.swift in Sources */ = {isa = PBXBuildFile; fileRef = E01F83492022571B0048EB7C /* FeedViewModelTests.swift */; };
		E01F834C2022577B0048EB7C /* MockGithubAPIClient.swift in Sources */ = {isa = PBXBuildFile; fileRef = E01F834B2022577B0048EB7C /* MockGithubAPIClient.swift */; };
		E01F834E202625AB0048EB7C /* Alertable.swift in Sources */ = {isa = PBXBuildFile; fileRef = E01F834D202625AB0048EB7C /* Alertable.swift */; };
		E039495A201CD50500413C94 /* AppDelegate.swift in Sources */ = {isa = PBXBuildFile; fileRef = E0394959201CD50500413C94 /* AppDelegate.swift */; };
		E0394961201CD50500413C94 /* Assets.xcassets in Resources */ = {isa = PBXBuildFile; fileRef = E0394960201CD50500413C94 /* Assets.xcassets */; };
		E039497F201CD92800413C94 /* Launch Screen.storyboard in Resources */ = {isa = PBXBuildFile; fileRef = E039497E201CD92800413C94 /* Launch Screen.storyboard */; };
		E0394982201CD9DA00413C94 /* FeedViewController.swift in Sources */ = {isa = PBXBuildFile; fileRef = E0394980201CD9DA00413C94 /* FeedViewController.swift */; };
		E0394983201CD9DA00413C94 /* FeedViewController.xib in Resources */ = {isa = PBXBuildFile; fileRef = E0394981201CD9DA00413C94 /* FeedViewController.xib */; };
		E0394985201CD9E700413C94 /* FeedViewModel.swift in Sources */ = {isa = PBXBuildFile; fileRef = E0394984201CD9E700413C94 /* FeedViewModel.swift */; };
		E0394989201CDAE700413C94 /* NavigationTransitionType.swift in Sources */ = {isa = PBXBuildFile; fileRef = E0394988201CDAE700413C94 /* NavigationTransitionType.swift */; };
		E039498D201CDC2900413C94 /* Navigator.swift in Sources */ = {isa = PBXBuildFile; fileRef = E039498C201CDC2900413C94 /* Navigator.swift */; };
		E0394990201CDE1C00413C94 /* Coordinator.swift in Sources */ = {isa = PBXBuildFile; fileRef = E039498F201CDE1C00413C94 /* Coordinator.swift */; };
		E0394994201CE0E100413C94 /* RootCoordinator.swift in Sources */ = {isa = PBXBuildFile; fileRef = E0394993201CE0E100413C94 /* RootCoordinator.swift */; };
		E0394996201CE16B00413C94 /* FeedCoordinator.swift in Sources */ = {isa = PBXBuildFile; fileRef = E0394995201CE16B00413C94 /* FeedCoordinator.swift */; };
		E039499C201CE70F00413C94 /* FeedCoordinatorTests.swift in Sources */ = {isa = PBXBuildFile; fileRef = E039499B201CE70F00413C94 /* FeedCoordinatorTests.swift */; };
		E03949A0201CECAB00413C94 /* MockNavigationController.swift in Sources */ = {isa = PBXBuildFile; fileRef = E039499F201CECAB00413C94 /* MockNavigationController.swift */; };
		E04B803820210FA50017492A /* EventCell.swift in Sources */ = {isa = PBXBuildFile; fileRef = E04B803620210FA50017492A /* EventCell.swift */; };
		E04B803920210FA50017492A /* EventCell.xib in Resources */ = {isa = PBXBuildFile; fileRef = E04B803720210FA50017492A /* EventCell.xib */; };
		E04B803B20210FE40017492A /* EventCellViewModel.swift in Sources */ = {isa = PBXBuildFile; fileRef = E04B803A20210FE40017492A /* EventCellViewModel.swift */; };
		E04B803D202117BB0017492A /* Identifiable.swift in Sources */ = {isa = PBXBuildFile; fileRef = E04B803C202117BB0017492A /* Identifiable.swift */; };
		E04B803F202117E80017492A /* UITableViewCell.swift in Sources */ = {isa = PBXBuildFile; fileRef = E04B803E202117E80017492A /* UITableViewCell.swift */; };
		E04B8041202118860017492A /* UITableView.swift in Sources */ = {isa = PBXBuildFile; fileRef = E04B8040202118860017492A /* UITableView.swift */; };
		E04B804620223E790017492A /* EventCellViewModelTests.swift in Sources */ = {isa = PBXBuildFile; fileRef = E04B804520223E790017492A /* EventCellViewModelTests.swift */; };
		E04B80482022412E0017492A /* EventCellTests.swift in Sources */ = {isa = PBXBuildFile; fileRef = E04B80472022412E0017492A /* EventCellTests.swift */; };
		E04B804C20224AB70017492A /* FeedViewControllerTests.swift in Sources */ = {isa = PBXBuildFile; fileRef = E04B804B20224AB70017492A /* FeedViewControllerTests.swift */; };
		E04B804E20224B380017492A /* UIViewController.swift in Sources */ = {isa = PBXBuildFile; fileRef = E04B804D20224B380017492A /* UIViewController.swift */; };
		E04B805020224B540017492A /* MockFeedViewModel.swift in Sources */ = {isa = PBXBuildFile; fileRef = E04B804F20224B540017492A /* MockFeedViewModel.swift */; };
		E0A864AA201CFA8B0027A553 /* RootCoordinatorTests.swift in Sources */ = {isa = PBXBuildFile; fileRef = E0A864A9201CFA8B0027A553 /* RootCoordinatorTests.swift */; };
		E0A864AD201D00320027A553 /* GithubAPI.swift in Sources */ = {isa = PBXBuildFile; fileRef = E0A864AC201D00320027A553 /* GithubAPI.swift */; };
		E0A864B1201D01E00027A553 /* HTTPMethod.swift in Sources */ = {isa = PBXBuildFile; fileRef = E0A864B0201D01E00027A553 /* HTTPMethod.swift */; };
		E0A864BD201D08640027A553 /* Configuration.swift in Sources */ = {isa = PBXBuildFile; fileRef = E0A864BC201D08640027A553 /* Configuration.swift */; };
		E0AC2BBD201FA5D5008A7EE4 /* DependencyContainer.swift in Sources */ = {isa = PBXBuildFile; fileRef = E0AC2BBC201FA5D5008A7EE4 /* DependencyContainer.swift */; };
		E0AC2BBF201FAA52008A7EE4 /* Event.swift in Sources */ = {isa = PBXBuildFile; fileRef = E0AC2BBE201FAA52008A7EE4 /* Event.swift */; };
		E0AC2BC1201FABD7008A7EE4 /* Actor.swift in Sources */ = {isa = PBXBuildFile; fileRef = E0AC2BC0201FABD7008A7EE4 /* Actor.swift */; };
		E0AC2BC3201FABDD008A7EE4 /* Repository.swift in Sources */ = {isa = PBXBuildFile; fileRef = E0AC2BC2201FABDD008A7EE4 /* Repository.swift */; };
		E0AC2BC6201FC43D008A7EE4 /* EventTests.swift in Sources */ = {isa = PBXBuildFile; fileRef = E0AC2BC5201FC43D008A7EE4 /* EventTests.swift */; };
		E0AC2BC8201FC448008A7EE4 /* ActorTests.swift in Sources */ = {isa = PBXBuildFile; fileRef = E0AC2BC7201FC448008A7EE4 /* ActorTests.swift */; };
		E0AC2BCA201FC452008A7EE4 /* RepositoryTests.swift in Sources */ = {isa = PBXBuildFile; fileRef = E0AC2BC9201FC452008A7EE4 /* RepositoryTests.swift */; };
		E0AC2BCC201FC7ED008A7EE4 /* Repository.json in Resources */ = {isa = PBXBuildFile; fileRef = E0AC2BCB201FC7ED008A7EE4 /* Repository.json */; };
		E0AC2BCE201FC815008A7EE4 /* Actor.json in Resources */ = {isa = PBXBuildFile; fileRef = E0AC2BCD201FC815008A7EE4 /* Actor.json */; };
		E0AC2BD1201FC980008A7EE4 /* Event.json in Resources */ = {isa = PBXBuildFile; fileRef = E0AC2BD0201FC980008A7EE4 /* Event.json */; };
		E0EEF1B7201CF06600052978 /* NavigatorTests.swift in Sources */ = {isa = PBXBuildFile; fileRef = E0EEF1B6201CF06600052978 /* NavigatorTests.swift */; };
		E0FE8D1B201DE60B001CBBD5 /* GithubAPIClient.swift in Sources */ = {isa = PBXBuildFile; fileRef = E0FE8D1A201DE60B001CBBD5 /* GithubAPIClient.swift */; };
		E0FE8D22201DF6D8001CBBD5 /* NetworkError.swift in Sources */ = {isa = PBXBuildFile; fileRef = E0FE8D21201DF6D8001CBBD5 /* NetworkError.swift */; };
/* End PBXBuildFile section */

/* Begin PBXContainerItemProxy section */
		E039496B201CD50500413C94 /* PBXContainerItemProxy */ = {
			isa = PBXContainerItemProxy;
			containerPortal = E039494E201CD50500413C94 /* Project object */;
			proxyType = 1;
			remoteGlobalIDString = E0394955201CD50500413C94;
			remoteInfo = RxSwiftFeed;
		};
/* End PBXContainerItemProxy section */

/* Begin PBXFileReference section */
		1BBBA9E5AA512CFBAC101599 /* Pods_RxSwiftFeedTests.framework */ = {isa = PBXFileReference; explicitFileType = wrapper.framework; includeInIndex = 0; path = Pods_RxSwiftFeedTests.framework; sourceTree = BUILT_PRODUCTS_DIR; };
		605D0D1246B653E34F48C99F /* Pods-RxSwiftFeed.debug.xcconfig */ = {isa = PBXFileReference; includeInIndex = 1; lastKnownFileType = text.xcconfig; name = "Pods-RxSwiftFeed.debug.xcconfig"; path = "Pods/Target Support Files/Pods-RxSwiftFeed/Pods-RxSwiftFeed.debug.xcconfig"; sourceTree = "<group>"; };
		AD4068D603C4B0D159E71EC5 /* Pods-RxSwiftFeed.release.xcconfig */ = {isa = PBXFileReference; includeInIndex = 1; lastKnownFileType = text.xcconfig; name = "Pods-RxSwiftFeed.release.xcconfig"; path = "Pods/Target Support Files/Pods-RxSwiftFeed/Pods-RxSwiftFeed.release.xcconfig"; sourceTree = "<group>"; };
		CD85E6A959E238E5934541BB /* Pods_RxSwiftFeed.framework */ = {isa = PBXFileReference; explicitFileType = wrapper.framework; includeInIndex = 0; path = Pods_RxSwiftFeed.framework; sourceTree = BUILT_PRODUCTS_DIR; };
		DDD50E6E34D77A301542C7E6 /* Pods-RxSwiftFeedTests.debug.xcconfig */ = {isa = PBXFileReference; includeInIndex = 1; lastKnownFileType = text.xcconfig; name = "Pods-RxSwiftFeedTests.debug.xcconfig"; path = "Pods/Target Support Files/Pods-RxSwiftFeedTests/Pods-RxSwiftFeedTests.debug.xcconfig"; sourceTree = "<group>"; };
		E016DA34201E14FF0043BEE5 /* Events.json */ = {isa = PBXFileReference; fileEncoding = 4; lastKnownFileType = text.json; path = Events.json; sourceTree = "<group>"; };
		E016DA39201E192C0043BEE5 /* GithubAPIClientTests.swift */ = {isa = PBXFileReference; lastKnownFileType = sourcecode.swift; path = GithubAPIClientTests.swift; sourceTree = "<group>"; };
		E016DA3B201E19650043BEE5 /* MockURLSession.swift */ = {isa = PBXFileReference; lastKnownFileType = sourcecode.swift; path = MockURLSession.swift; sourceTree = "<group>"; };
		E016DA41201E24DA0043BEE5 /* URLSessionProtocol.swift */ = {isa = PBXFileReference; lastKnownFileType = sourcecode.swift; path = URLSessionProtocol.swift; sourceTree = "<group>"; };
		E016DA43201E250C0043BEE5 /* URLSession.swift */ = {isa = PBXFileReference; lastKnownFileType = sourcecode.swift; path = URLSession.swift; sourceTree = "<group>"; };
		E016DA45201E25BF0043BEE5 /* MockURLSessionDataTask.swift */ = {isa = PBXFileReference; lastKnownFileType = sourcecode.swift; path = MockURLSessionDataTask.swift; sourceTree = "<group>"; };
		E01F83492022571B0048EB7C /* FeedViewModelTests.swift */ = {isa = PBXFileReference; lastKnownFileType = sourcecode.swift; path = FeedViewModelTests.swift; sourceTree = "<group>"; };
		E01F834B2022577B0048EB7C /* MockGithubAPIClient.swift */ = {isa = PBXFileReference; lastKnownFileType = sourcecode.swift; path = MockGithubAPIClient.swift; sourceTree = "<group>"; };
		E01F834D202625AB0048EB7C /* Alertable.swift */ = {isa = PBXFileReference; lastKnownFileType = sourcecode.swift; path = Alertable.swift; sourceTree = "<group>"; };
		E0394956201CD50500413C94 /* RxSwiftFeed.app */ = {isa = PBXFileReference; explicitFileType = wrapper.application; includeInIndex = 0; path = RxSwiftFeed.app; sourceTree = BUILT_PRODUCTS_DIR; };
		E0394959201CD50500413C94 /* AppDelegate.swift */ = {isa = PBXFileReference; lastKnownFileType = sourcecode.swift; path = AppDelegate.swift; sourceTree = "<group>"; };
		E0394960201CD50500413C94 /* Assets.xcassets */ = {isa = PBXFileReference; lastKnownFileType = folder.assetcatalog; path = Assets.xcassets; sourceTree = "<group>"; };
		E0394965201CD50500413C94 /* Info.plist */ = {isa = PBXFileReference; lastKnownFileType = text.plist.xml; path = Info.plist; sourceTree = "<group>"; };
		E039496A201CD50500413C94 /* RxSwiftFeedTests.xctest */ = {isa = PBXFileReference; explicitFileType = wrapper.cfbundle; includeInIndex = 0; path = RxSwiftFeedTests.xctest; sourceTree = BUILT_PRODUCTS_DIR; };
		E0394970201CD50500413C94 /* Info.plist */ = {isa = PBXFileReference; lastKnownFileType = text.plist.xml; path = Info.plist; sourceTree = "<group>"; };
		E039497E201CD92800413C94 /* Launch Screen.storyboard */ = {isa = PBXFileReference; lastKnownFileType = file.storyboard; path = "Launch Screen.storyboard"; sourceTree = "<group>"; };
		E0394980201CD9DA00413C94 /* FeedViewController.swift */ = {isa = PBXFileReference; lastKnownFileType = sourcecode.swift; path = FeedViewController.swift; sourceTree = "<group>"; };
		E0394981201CD9DA00413C94 /* FeedViewController.xib */ = {isa = PBXFileReference; lastKnownFileType = file.xib; path = FeedViewController.xib; sourceTree = "<group>"; };
		E0394984201CD9E700413C94 /* FeedViewModel.swift */ = {isa = PBXFileReference; lastKnownFileType = sourcecode.swift; path = FeedViewModel.swift; sourceTree = "<group>"; };
		E0394988201CDAE700413C94 /* NavigationTransitionType.swift */ = {isa = PBXFileReference; lastKnownFileType = sourcecode.swift; path = NavigationTransitionType.swift; sourceTree = "<group>"; };
		E039498C201CDC2900413C94 /* Navigator.swift */ = {isa = PBXFileReference; lastKnownFileType = sourcecode.swift; path = Navigator.swift; sourceTree = "<group>"; };
		E039498F201CDE1C00413C94 /* Coordinator.swift */ = {isa = PBXFileReference; lastKnownFileType = sourcecode.swift; path = Coordinator.swift; sourceTree = "<group>"; };
		E0394993201CE0E100413C94 /* RootCoordinator.swift */ = {isa = PBXFileReference; lastKnownFileType = sourcecode.swift; path = RootCoordinator.swift; sourceTree = "<group>"; };
		E0394995201CE16B00413C94 /* FeedCoordinator.swift */ = {isa = PBXFileReference; lastKnownFileType = sourcecode.swift; path = FeedCoordinator.swift; sourceTree = "<group>"; };
		E039499B201CE70F00413C94 /* FeedCoordinatorTests.swift */ = {isa = PBXFileReference; lastKnownFileType = sourcecode.swift; path = FeedCoordinatorTests.swift; sourceTree = "<group>"; };
		E039499F201CECAB00413C94 /* MockNavigationController.swift */ = {isa = PBXFileReference; lastKnownFileType = sourcecode.swift; path = MockNavigationController.swift; sourceTree = "<group>"; };
		E04B803620210FA50017492A /* EventCell.swift */ = {isa = PBXFileReference; lastKnownFileType = sourcecode.swift; path = EventCell.swift; sourceTree = "<group>"; };
		E04B803720210FA50017492A /* EventCell.xib */ = {isa = PBXFileReference; lastKnownFileType = file.xib; path = EventCell.xib; sourceTree = "<group>"; };
		E04B803A20210FE40017492A /* EventCellViewModel.swift */ = {isa = PBXFileReference; lastKnownFileType = sourcecode.swift; path = EventCellViewModel.swift; sourceTree = "<group>"; };
		E04B803C202117BB0017492A /* Identifiable.swift */ = {isa = PBXFileReference; lastKnownFileType = sourcecode.swift; path = Identifiable.swift; sourceTree = "<group>"; };
		E04B803E202117E80017492A /* UITableViewCell.swift */ = {isa = PBXFileReference; lastKnownFileType = sourcecode.swift; path = UITableViewCell.swift; sourceTree = "<group>"; };
		E04B8040202118860017492A /* UITableView.swift */ = {isa = PBXFileReference; lastKnownFileType = sourcecode.swift; path = UITableView.swift; sourceTree = "<group>"; };
		E04B804520223E790017492A /* EventCellViewModelTests.swift */ = {isa = PBXFileReference; lastKnownFileType = sourcecode.swift; path = EventCellViewModelTests.swift; sourceTree = "<group>"; };
		E04B80472022412E0017492A /* EventCellTests.swift */ = {isa = PBXFileReference; lastKnownFileType = sourcecode.swift; path = EventCellTests.swift; sourceTree = "<group>"; };
		E04B804B20224AB70017492A /* FeedViewControllerTests.swift */ = {isa = PBXFileReference; lastKnownFileType = sourcecode.swift; path = FeedViewControllerTests.swift; sourceTree = "<group>"; };
		E04B804D20224B380017492A /* UIViewController.swift */ = {isa = PBXFileReference; lastKnownFileType = sourcecode.swift; path = UIViewController.swift; sourceTree = "<group>"; };
		E04B804F20224B540017492A /* MockFeedViewModel.swift */ = {isa = PBXFileReference; lastKnownFileType = sourcecode.swift; path = MockFeedViewModel.swift; sourceTree = "<group>"; };
		E0A864A9201CFA8B0027A553 /* RootCoordinatorTests.swift */ = {isa = PBXFileReference; lastKnownFileType = sourcecode.swift; path = RootCoordinatorTests.swift; sourceTree = "<group>"; };
		E0A864AC201D00320027A553 /* GithubAPI.swift */ = {isa = PBXFileReference; lastKnownFileType = sourcecode.swift; path = GithubAPI.swift; sourceTree = "<group>"; };
		E0A864B0201D01E00027A553 /* HTTPMethod.swift */ = {isa = PBXFileReference; lastKnownFileType = sourcecode.swift; path = HTTPMethod.swift; sourceTree = "<group>"; };
		E0A864B7201D05430027A553 /* base.xcconfig */ = {isa = PBXFileReference; lastKnownFileType = text.xcconfig; path = base.xcconfig; sourceTree = "<group>"; };
		E0A864B8201D05810027A553 /* debug.tests.xcconfig */ = {isa = PBXFileReference; lastKnownFileType = text.xcconfig; path = debug.tests.xcconfig; sourceTree = "<group>"; };
		E0A864B9201D058C0027A553 /* debug.xcconfig */ = {isa = PBXFileReference; lastKnownFileType = text.xcconfig; path = debug.xcconfig; sourceTree = "<group>"; };
		E0A864BA201D05980027A553 /* release.tests.xcconfig */ = {isa = PBXFileReference; lastKnownFileType = text.xcconfig; path = release.tests.xcconfig; sourceTree = "<group>"; };
		E0A864BB201D05A40027A553 /* release.xcconfig */ = {isa = PBXFileReference; lastKnownFileType = text.xcconfig; path = release.xcconfig; sourceTree = "<group>"; };
		E0A864BC201D08640027A553 /* Configuration.swift */ = {isa = PBXFileReference; lastKnownFileType = sourcecode.swift; path = Configuration.swift; sourceTree = "<group>"; };
		E0AC2BBC201FA5D5008A7EE4 /* DependencyContainer.swift */ = {isa = PBXFileReference; lastKnownFileType = sourcecode.swift; path = DependencyContainer.swift; sourceTree = "<group>"; };
		E0AC2BBE201FAA52008A7EE4 /* Event.swift */ = {isa = PBXFileReference; lastKnownFileType = sourcecode.swift; path = Event.swift; sourceTree = "<group>"; };
		E0AC2BC0201FABD7008A7EE4 /* Actor.swift */ = {isa = PBXFileReference; lastKnownFileType = sourcecode.swift; path = Actor.swift; sourceTree = "<group>"; };
		E0AC2BC2201FABDD008A7EE4 /* Repository.swift */ = {isa = PBXFileReference; lastKnownFileType = sourcecode.swift; path = Repository.swift; sourceTree = "<group>"; };
		E0AC2BC5201FC43D008A7EE4 /* EventTests.swift */ = {isa = PBXFileReference; lastKnownFileType = sourcecode.swift; path = EventTests.swift; sourceTree = "<group>"; };
		E0AC2BC7201FC448008A7EE4 /* ActorTests.swift */ = {isa = PBXFileReference; lastKnownFileType = sourcecode.swift; path = ActorTests.swift; sourceTree = "<group>"; };
		E0AC2BC9201FC452008A7EE4 /* RepositoryTests.swift */ = {isa = PBXFileReference; lastKnownFileType = sourcecode.swift; path = RepositoryTests.swift; sourceTree = "<group>"; };
		E0AC2BCB201FC7ED008A7EE4 /* Repository.json */ = {isa = PBXFileReference; fileEncoding = 4; lastKnownFileType = text.json; path = Repository.json; sourceTree = "<group>"; };
		E0AC2BCD201FC815008A7EE4 /* Actor.json */ = {isa = PBXFileReference; fileEncoding = 4; lastKnownFileType = text.json; path = Actor.json; sourceTree = "<group>"; };
		E0AC2BD0201FC980008A7EE4 /* Event.json */ = {isa = PBXFileReference; fileEncoding = 4; lastKnownFileType = text.json; path = Event.json; sourceTree = "<group>"; };
		E0EEF1B6201CF06600052978 /* NavigatorTests.swift */ = {isa = PBXFileReference; lastKnownFileType = sourcecode.swift; path = NavigatorTests.swift; sourceTree = "<group>"; };
		E0FE8D1A201DE60B001CBBD5 /* GithubAPIClient.swift */ = {isa = PBXFileReference; lastKnownFileType = sourcecode.swift; path = GithubAPIClient.swift; sourceTree = "<group>"; };
		E0FE8D21201DF6D8001CBBD5 /* NetworkError.swift */ = {isa = PBXFileReference; lastKnownFileType = sourcecode.swift; path = NetworkError.swift; sourceTree = "<group>"; };
		EB0FF26F85A1895B862361C1 /* Pods-RxSwiftFeedTests.release.xcconfig */ = {isa = PBXFileReference; includeInIndex = 1; lastKnownFileType = text.xcconfig; name = "Pods-RxSwiftFeedTests.release.xcconfig"; path = "Pods/Target Support Files/Pods-RxSwiftFeedTests/Pods-RxSwiftFeedTests.release.xcconfig"; sourceTree = "<group>"; };
/* End PBXFileReference section */

/* Begin PBXFrameworksBuildPhase section */
		E0394953201CD50500413C94 /* Frameworks */ = {
			isa = PBXFrameworksBuildPhase;
			buildActionMask = 2147483647;
			files = (
				409C834C4F98EAC9F73422E3 /* Pods_RxSwiftFeed.framework in Frameworks */,
			);
			runOnlyForDeploymentPostprocessing = 0;
		};
		E0394967201CD50500413C94 /* Frameworks */ = {
			isa = PBXFrameworksBuildPhase;
			buildActionMask = 2147483647;
			files = (
				C6DF37875100E6517D24D88F /* Pods_RxSwiftFeedTests.framework in Frameworks */,
			);
			runOnlyForDeploymentPostprocessing = 0;
		};
/* End PBXFrameworksBuildPhase section */

/* Begin PBXGroup section */
		43C5302AAC8AC6B9D16CD6E6 /* Frameworks */ = {
			isa = PBXGroup;
			children = (
				CD85E6A959E238E5934541BB /* Pods_RxSwiftFeed.framework */,
				1BBBA9E5AA512CFBAC101599 /* Pods_RxSwiftFeedTests.framework */,
			);
			name = Frameworks;
			sourceTree = "<group>";
		};
		575AA86031C77B6E6E1E9357 /* Pods */ = {
			isa = PBXGroup;
			children = (
				605D0D1246B653E34F48C99F /* Pods-RxSwiftFeed.debug.xcconfig */,
				AD4068D603C4B0D159E71EC5 /* Pods-RxSwiftFeed.release.xcconfig */,
				DDD50E6E34D77A301542C7E6 /* Pods-RxSwiftFeedTests.debug.xcconfig */,
				EB0FF26F85A1895B862361C1 /* Pods-RxSwiftFeedTests.release.xcconfig */,
			);
			name = Pods;
			sourceTree = "<group>";
		};
		E016DA2C201E08CA0043BEE5 /* Extensions */ = {
			isa = PBXGroup;
			children = (
				E016DA43201E250C0043BEE5 /* URLSession.swift */,
				E04B803E202117E80017492A /* UITableViewCell.swift */,
				E04B8040202118860017492A /* UITableView.swift */,
				E04B804D20224B380017492A /* UIViewController.swift */,
			);
			path = Extensions;
			sourceTree = "<group>";
		};
		E016DA36201E19050043BEE5 /* Network */ = {
			isa = PBXGroup;
			children = (
				E016DA39201E192C0043BEE5 /* GithubAPIClientTests.swift */,
			);
			path = Network;
			sourceTree = "<group>";
		};
		E039494D201CD50500413C94 = {
			isa = PBXGroup;
			children = (
				E0394958201CD50500413C94 /* RxSwiftFeed */,
				E039496D201CD50500413C94 /* RxSwiftFeedTests */,
				E0394957201CD50500413C94 /* Products */,
				575AA86031C77B6E6E1E9357 /* Pods */,
				43C5302AAC8AC6B9D16CD6E6 /* Frameworks */,
			);
			sourceTree = "<group>";
		};
		E0394957201CD50500413C94 /* Products */ = {
			isa = PBXGroup;
			children = (
				E0394956201CD50500413C94 /* RxSwiftFeed.app */,
				E039496A201CD50500413C94 /* RxSwiftFeedTests.xctest */,
			);
			name = Products;
			sourceTree = "<group>";
		};
		E0394958201CD50500413C94 /* RxSwiftFeed */ = {
			isa = PBXGroup;
			children = (
				E0394959201CD50500413C94 /* AppDelegate.swift */,
				E016DA2C201E08CA0043BEE5 /* Extensions */,
				E0FE8D1E201DF68D001CBBD5 /* Enums */,
				E0A864B6201D05310027A553 /* Configurations */,
				E039497B201CD8EA00413C94 /* Navigation */,
				E0A864AB201D00180027A553 /* Network */,
				E039498E201CDE1100413C94 /* Protocols */,
				E039497A201CD8E000413C94 /* Scenes */,
				E039497D201CD8F300413C94 /* Models */,
				E039497C201CD8EE00413C94 /* Resources */,
			);
			path = RxSwiftFeed;
			sourceTree = "<group>";
		};
		E039496D201CD50500413C94 /* RxSwiftFeedTests */ = {
			isa = PBXGroup;
			children = (
				E0394997201CE6CB00413C94 /* Mocks */,
				E0394998201CE6CF00413C94 /* Supporting Files */,
				E0394999201CE6E300413C94 /* Cases */,
			);
			path = RxSwiftFeedTests;
			sourceTree = "<group>";
		};
		E039497A201CD8E000413C94 /* Scenes */ = {
			isa = PBXGroup;
			children = (
				E0394991201CE0C200413C94 /* Root */,
				E0394992201CE0CB00413C94 /* FeedScene */,
			);
			path = Scenes;
			sourceTree = "<group>";
		};
		E039497B201CD8EA00413C94 /* Navigation */ = {
			isa = PBXGroup;
			children = (
				E0394988201CDAE700413C94 /* NavigationTransitionType.swift */,
				E039498C201CDC2900413C94 /* Navigator.swift */,
			);
			path = Navigation;
			sourceTree = "<group>";
		};
		E039497C201CD8EE00413C94 /* Resources */ = {
			isa = PBXGroup;
			children = (
				E0394960201CD50500413C94 /* Assets.xcassets */,
				E0394965201CD50500413C94 /* Info.plist */,
				E039497E201CD92800413C94 /* Launch Screen.storyboard */,
			);
			path = Resources;
			sourceTree = "<group>";
		};
		E039497D201CD8F300413C94 /* Models */ = {
			isa = PBXGroup;
			children = (
				E0AC2BBC201FA5D5008A7EE4 /* DependencyContainer.swift */,
				E0AC2BBE201FAA52008A7EE4 /* Event.swift */,
				E0AC2BC0201FABD7008A7EE4 /* Actor.swift */,
				E0AC2BC2201FABDD008A7EE4 /* Repository.swift */,
			);
			path = Models;
			sourceTree = "<group>";
		};
		E039498E201CDE1100413C94 /* Protocols */ = {
			isa = PBXGroup;
			children = (
				E039498F201CDE1C00413C94 /* Coordinator.swift */,
				E016DA41201E24DA0043BEE5 /* URLSessionProtocol.swift */,
				E04B803C202117BB0017492A /* Identifiable.swift */,
				E01F834D202625AB0048EB7C /* Alertable.swift */,
			);
			path = Protocols;
			sourceTree = "<group>";
		};
		E0394991201CE0C200413C94 /* Root */ = {
			isa = PBXGroup;
			children = (
				E0394993201CE0E100413C94 /* RootCoordinator.swift */,
			);
			path = Root;
			sourceTree = "<group>";
		};
		E0394992201CE0CB00413C94 /* FeedScene */ = {
			isa = PBXGroup;
			children = (
				E04B803520210F900017492A /* Cells */,
				E0394995201CE16B00413C94 /* FeedCoordinator.swift */,
				E0394980201CD9DA00413C94 /* FeedViewController.swift */,
				E0394981201CD9DA00413C94 /* FeedViewController.xib */,
				E0394984201CD9E700413C94 /* FeedViewModel.swift */,
			);
			path = FeedScene;
			sourceTree = "<group>";
		};
		E0394997201CE6CB00413C94 /* Mocks */ = {
			isa = PBXGroup;
			children = (
				E039499F201CECAB00413C94 /* MockNavigationController.swift */,
				E016DA3B201E19650043BEE5 /* MockURLSession.swift */,
				E016DA45201E25BF0043BEE5 /* MockURLSessionDataTask.swift */,
				E04B804F20224B540017492A /* MockFeedViewModel.swift */,
				E01F834B2022577B0048EB7C /* MockGithubAPIClient.swift */,
			);
			path = Mocks;
			sourceTree = "<group>";
		};
		E0394998201CE6CF00413C94 /* Supporting Files */ = {
			isa = PBXGroup;
			children = (
				E016DA34201E14FF0043BEE5 /* Events.json */,
				E0AC2BD0201FC980008A7EE4 /* Event.json */,
				E0AC2BCD201FC815008A7EE4 /* Actor.json */,
				E0AC2BCB201FC7ED008A7EE4 /* Repository.json */,
				E0394970201CD50500413C94 /* Info.plist */,
			);
			path = "Supporting Files";
			sourceTree = "<group>";
		};
		E0394999201CE6E300413C94 /* Cases */ = {
			isa = PBXGroup;
			children = (
				E0AC2BC4201FC153008A7EE4 /* Models */,
				E016DA36201E19050043BEE5 /* Network */,
				E0EEF1B5201CF04E00052978 /* Navigation */,
				E0EEF1B3201CF00F00052978 /* Scenes */,
			);
			path = Cases;
			sourceTree = "<group>";
		};
		E039499A201CE6E600413C94 /* FeedScene */ = {
			isa = PBXGroup;
			children = (
				E04B804420223E480017492A /* Cells */,
				E039499B201CE70F00413C94 /* FeedCoordinatorTests.swift */,
				E01F83492022571B0048EB7C /* FeedViewModelTests.swift */,
				E04B804B20224AB70017492A /* FeedViewControllerTests.swift */,
			);
			path = FeedScene;
			sourceTree = "<group>";
		};
		E04B803520210F900017492A /* Cells */ = {
			isa = PBXGroup;
			children = (
				E04B803620210FA50017492A /* EventCell.swift */,
				E04B803720210FA50017492A /* EventCell.xib */,
				E04B803A20210FE40017492A /* EventCellViewModel.swift */,
			);
			path = Cells;
			sourceTree = "<group>";
		};
		E04B804420223E480017492A /* Cells */ = {
			isa = PBXGroup;
			children = (
				E04B804520223E790017492A /* EventCellViewModelTests.swift */,
				E04B80472022412E0017492A /* EventCellTests.swift */,
			);
			path = Cells;
			sourceTree = "<group>";
		};
		E0A864A8201CFA760027A553 /* Root */ = {
			isa = PBXGroup;
			children = (
				E0A864A9201CFA8B0027A553 /* RootCoordinatorTests.swift */,
			);
			path = Root;
			sourceTree = "<group>";
		};
		E0A864AB201D00180027A553 /* Network */ = {
			isa = PBXGroup;
			children = (
				E0A864AC201D00320027A553 /* GithubAPI.swift */,
				E0FE8D1A201DE60B001CBBD5 /* GithubAPIClient.swift */,
			);
			path = Network;
			sourceTree = "<group>";
		};
		E0A864B6201D05310027A553 /* Configurations */ = {
			isa = PBXGroup;
			children = (
				E0A864BC201D08640027A553 /* Configuration.swift */,
				E0A864B7201D05430027A553 /* base.xcconfig */,
				E0A864B8201D05810027A553 /* debug.tests.xcconfig */,
				E0A864BA201D05980027A553 /* release.tests.xcconfig */,
				E0A864B9201D058C0027A553 /* debug.xcconfig */,
				E0A864BB201D05A40027A553 /* release.xcconfig */,
			);
			path = Configurations;
			sourceTree = "<group>";
		};
		E0AC2BC4201FC153008A7EE4 /* Models */ = {
			isa = PBXGroup;
			children = (
				E0AC2BC5201FC43D008A7EE4 /* EventTests.swift */,
				E0AC2BC7201FC448008A7EE4 /* ActorTests.swift */,
				E0AC2BC9201FC452008A7EE4 /* RepositoryTests.swift */,
			);
			path = Models;
			sourceTree = "<group>";
		};
		E0EEF1B3201CF00F00052978 /* Scenes */ = {
			isa = PBXGroup;
			children = (
				E0A864A8201CFA760027A553 /* Root */,
				E039499A201CE6E600413C94 /* FeedScene */,
			);
			path = Scenes;
			sourceTree = "<group>";
		};
		E0EEF1B5201CF04E00052978 /* Navigation */ = {
			isa = PBXGroup;
			children = (
				E0EEF1B6201CF06600052978 /* NavigatorTests.swift */,
			);
			path = Navigation;
			sourceTree = "<group>";
		};
		E0FE8D1E201DF68D001CBBD5 /* Enums */ = {
			isa = PBXGroup;
			children = (
				E0FE8D21201DF6D8001CBBD5 /* NetworkError.swift */,
				E0A864B0201D01E00027A553 /* HTTPMethod.swift */,
			);
			path = Enums;
			sourceTree = "<group>";
		};
/* End PBXGroup section */

/* Begin PBXNativeTarget section */
		E0394955201CD50500413C94 /* RxSwiftFeed */ = {
			isa = PBXNativeTarget;
			buildConfigurationList = E0394973201CD50500413C94 /* Build configuration list for PBXNativeTarget "RxSwiftFeed" */;
			buildPhases = (
				4C1CD82BB3FA476C3C3B8C6F /* [CP] Check Pods Manifest.lock */,
				E0394952201CD50500413C94 /* Sources */,
				E0394953201CD50500413C94 /* Frameworks */,
				E0394954201CD50500413C94 /* Resources */,
				2BEA558F07E9FCCC00946495 /* [CP] Embed Pods Frameworks */,
				94788C61E1516E7C8CC6A6A9 /* [CP] Copy Pods Resources */,
				E0394979201CD76600413C94 /* ShellScript */,
			);
			buildRules = (
			);
			dependencies = (
			);
			name = RxSwiftFeed;
			productName = RxSwiftFeed;
			productReference = E0394956201CD50500413C94 /* RxSwiftFeed.app */;
			productType = "com.apple.product-type.application";
		};
		E0394969201CD50500413C94 /* RxSwiftFeedTests */ = {
			isa = PBXNativeTarget;
			buildConfigurationList = E0394976201CD50500413C94 /* Build configuration list for PBXNativeTarget "RxSwiftFeedTests" */;
			buildPhases = (
				8AADDCA89D344D85D2F9FD93 /* [CP] Check Pods Manifest.lock */,
				E0394966201CD50500413C94 /* Sources */,
				E0394967201CD50500413C94 /* Frameworks */,
				E0394968201CD50500413C94 /* Resources */,
				41D43F66AC1B7815B075EEBC /* [CP] Embed Pods Frameworks */,
				12F26438A97C0E870ED1E216 /* [CP] Copy Pods Resources */,
			);
			buildRules = (
			);
			dependencies = (
				E039496C201CD50500413C94 /* PBXTargetDependency */,
			);
			name = RxSwiftFeedTests;
			productName = RxSwiftFeedTests;
			productReference = E039496A201CD50500413C94 /* RxSwiftFeedTests.xctest */;
			productType = "com.apple.product-type.bundle.unit-test";
		};
/* End PBXNativeTarget section */

/* Begin PBXProject section */
		E039494E201CD50500413C94 /* Project object */ = {
			isa = PBXProject;
			attributes = {
				LastSwiftUpdateCheck = 0920;
				LastUpgradeCheck = 0920;
				ORGANIZATIONNAME = "Amadeu Andrade";
				TargetAttributes = {
					E0394955201CD50500413C94 = {
						CreatedOnToolsVersion = 9.2;
						ProvisioningStyle = Automatic;
					};
					E0394969201CD50500413C94 = {
						CreatedOnToolsVersion = 9.2;
						LastSwiftMigration = 0920;
						ProvisioningStyle = Automatic;
						TestTargetID = E0394955201CD50500413C94;
					};
				};
			};
			buildConfigurationList = E0394951201CD50500413C94 /* Build configuration list for PBXProject "RxSwiftFeed" */;
			compatibilityVersion = "Xcode 8.0";
			developmentRegion = en;
			hasScannedForEncodings = 0;
			knownRegions = (
				en,
				Base,
			);
			mainGroup = E039494D201CD50500413C94;
			productRefGroup = E0394957201CD50500413C94 /* Products */;
			projectDirPath = "";
			projectRoot = "";
			targets = (
				E0394955201CD50500413C94 /* RxSwiftFeed */,
				E0394969201CD50500413C94 /* RxSwiftFeedTests */,
			);
		};
/* End PBXProject section */

/* Begin PBXResourcesBuildPhase section */
		E0394954201CD50500413C94 /* Resources */ = {
			isa = PBXResourcesBuildPhase;
			buildActionMask = 2147483647;
			files = (
				E04B803920210FA50017492A /* EventCell.xib in Resources */,
				E039497F201CD92800413C94 /* Launch Screen.storyboard in Resources */,
				E0394983201CD9DA00413C94 /* FeedViewController.xib in Resources */,
				E0394961201CD50500413C94 /* Assets.xcassets in Resources */,
			);
			runOnlyForDeploymentPostprocessing = 0;
		};
		E0394968201CD50500413C94 /* Resources */ = {
			isa = PBXResourcesBuildPhase;
			buildActionMask = 2147483647;
			files = (
				E0AC2BD1201FC980008A7EE4 /* Event.json in Resources */,
				E016DA35201E14FF0043BEE5 /* Events.json in Resources */,
				E0AC2BCC201FC7ED008A7EE4 /* Repository.json in Resources */,
				E0AC2BCE201FC815008A7EE4 /* Actor.json in Resources */,
			);
			runOnlyForDeploymentPostprocessing = 0;
		};
/* End PBXResourcesBuildPhase section */

/* Begin PBXShellScriptBuildPhase section */
		12F26438A97C0E870ED1E216 /* [CP] Copy Pods Resources */ = {
			isa = PBXShellScriptBuildPhase;
			buildActionMask = 2147483647;
			files = (
			);
			inputPaths = (
			);
			name = "[CP] Copy Pods Resources";
			outputPaths = (
			);
			runOnlyForDeploymentPostprocessing = 0;
			shellPath = /bin/sh;
			shellScript = "\"${SRCROOT}/Pods/Target Support Files/Pods-RxSwiftFeedTests/Pods-RxSwiftFeedTests-resources.sh\"\n";
			showEnvVarsInLog = 0;
		};
		2BEA558F07E9FCCC00946495 /* [CP] Embed Pods Frameworks */ = {
			isa = PBXShellScriptBuildPhase;
			buildActionMask = 2147483647;
			files = (
			);
			inputPaths = (
				"${SRCROOT}/Pods/Target Support Files/Pods-RxSwiftFeed/Pods-RxSwiftFeed-frameworks.sh",
				"${BUILT_PRODUCTS_DIR}/Kingfisher/Kingfisher.framework",
				"${BUILT_PRODUCTS_DIR}/RxCocoa/RxCocoa.framework",
				"${BUILT_PRODUCTS_DIR}/RxSwift/RxSwift.framework",
			);
			name = "[CP] Embed Pods Frameworks";
			outputPaths = (
				"${TARGET_BUILD_DIR}/${FRAMEWORKS_FOLDER_PATH}/Kingfisher.framework",
				"${TARGET_BUILD_DIR}/${FRAMEWORKS_FOLDER_PATH}/RxCocoa.framework",
				"${TARGET_BUILD_DIR}/${FRAMEWORKS_FOLDER_PATH}/RxSwift.framework",
			);
			runOnlyForDeploymentPostprocessing = 0;
			shellPath = /bin/sh;
			shellScript = "\"${SRCROOT}/Pods/Target Support Files/Pods-RxSwiftFeed/Pods-RxSwiftFeed-frameworks.sh\"\n";
			showEnvVarsInLog = 0;
		};
		41D43F66AC1B7815B075EEBC /* [CP] Embed Pods Frameworks */ = {
			isa = PBXShellScriptBuildPhase;
			buildActionMask = 2147483647;
			files = (
			);
			inputPaths = (
			);
			name = "[CP] Embed Pods Frameworks";
			outputPaths = (
			);
			runOnlyForDeploymentPostprocessing = 0;
			shellPath = /bin/sh;
			shellScript = "\"${SRCROOT}/Pods/Target Support Files/Pods-RxSwiftFeedTests/Pods-RxSwiftFeedTests-frameworks.sh\"\n";
			showEnvVarsInLog = 0;
		};
		4C1CD82BB3FA476C3C3B8C6F /* [CP] Check Pods Manifest.lock */ = {
			isa = PBXShellScriptBuildPhase;
			buildActionMask = 2147483647;
			files = (
			);
			inputPaths = (
				"${PODS_PODFILE_DIR_PATH}/Podfile.lock",
				"${PODS_ROOT}/Manifest.lock",
			);
			name = "[CP] Check Pods Manifest.lock";
			outputPaths = (
				"$(DERIVED_FILE_DIR)/Pods-RxSwiftFeed-checkManifestLockResult.txt",
			);
			runOnlyForDeploymentPostprocessing = 0;
			shellPath = /bin/sh;
			shellScript = "diff \"${PODS_PODFILE_DIR_PATH}/Podfile.lock\" \"${PODS_ROOT}/Manifest.lock\" > /dev/null\nif [ $? != 0 ] ; then\n    # print error to STDERR\n    echo \"error: The sandbox is not in sync with the Podfile.lock. Run 'pod install' or update your CocoaPods installation.\" >&2\n    exit 1\nfi\n# This output is used by Xcode 'outputs' to avoid re-running this script phase.\necho \"SUCCESS\" > \"${SCRIPT_OUTPUT_FILE_0}\"\n";
			showEnvVarsInLog = 0;
		};
		8AADDCA89D344D85D2F9FD93 /* [CP] Check Pods Manifest.lock */ = {
			isa = PBXShellScriptBuildPhase;
			buildActionMask = 2147483647;
			files = (
			);
			inputPaths = (
				"${PODS_PODFILE_DIR_PATH}/Podfile.lock",
				"${PODS_ROOT}/Manifest.lock",
			);
			name = "[CP] Check Pods Manifest.lock";
			outputPaths = (
				"$(DERIVED_FILE_DIR)/Pods-RxSwiftFeedTests-checkManifestLockResult.txt",
			);
			runOnlyForDeploymentPostprocessing = 0;
			shellPath = /bin/sh;
			shellScript = "diff \"${PODS_PODFILE_DIR_PATH}/Podfile.lock\" \"${PODS_ROOT}/Manifest.lock\" > /dev/null\nif [ $? != 0 ] ; then\n    # print error to STDERR\n    echo \"error: The sandbox is not in sync with the Podfile.lock. Run 'pod install' or update your CocoaPods installation.\" >&2\n    exit 1\nfi\n# This output is used by Xcode 'outputs' to avoid re-running this script phase.\necho \"SUCCESS\" > \"${SCRIPT_OUTPUT_FILE_0}\"\n";
			showEnvVarsInLog = 0;
		};
		94788C61E1516E7C8CC6A6A9 /* [CP] Copy Pods Resources */ = {
			isa = PBXShellScriptBuildPhase;
			buildActionMask = 2147483647;
			files = (
			);
			inputPaths = (
			);
			name = "[CP] Copy Pods Resources";
			outputPaths = (
			);
			runOnlyForDeploymentPostprocessing = 0;
			shellPath = /bin/sh;
			shellScript = "\"${SRCROOT}/Pods/Target Support Files/Pods-RxSwiftFeed/Pods-RxSwiftFeed-resources.sh\"\n";
			showEnvVarsInLog = 0;
		};
		E0394979201CD76600413C94 /* ShellScript */ = {
			isa = PBXShellScriptBuildPhase;
			buildActionMask = 2147483647;
			files = (
			);
			inputPaths = (
			);
			outputPaths = (
			);
			runOnlyForDeploymentPostprocessing = 0;
			shellPath = /bin/sh;
			shellScript = "\"${PODS_ROOT}/SwiftLint/swiftlint\"";
		};
/* End PBXShellScriptBuildPhase section */

/* Begin PBXSourcesBuildPhase section */
		E0394952201CD50500413C94 /* Sources */ = {
			isa = PBXSourcesBuildPhase;
			buildActionMask = 2147483647;
			files = (
				E0AC2BC3201FABDD008A7EE4 /* Repository.swift in Sources */,
				E0394996201CE16B00413C94 /* FeedCoordinator.swift in Sources */,
				E0AC2BBD201FA5D5008A7EE4 /* DependencyContainer.swift in Sources */,
				E0FE8D22201DF6D8001CBBD5 /* NetworkError.swift in Sources */,
				E04B804E20224B380017492A /* UIViewController.swift in Sources */,
				E016DA44201E250C0043BEE5 /* URLSession.swift in Sources */,
				E0AC2BBF201FAA52008A7EE4 /* Event.swift in Sources */,
				E04B803F202117E80017492A /* UITableViewCell.swift in Sources */,
				E0394982201CD9DA00413C94 /* FeedViewController.swift in Sources */,
				E039495A201CD50500413C94 /* AppDelegate.swift in Sources */,
				E0394989201CDAE700413C94 /* NavigationTransitionType.swift in Sources */,
				E0A864AD201D00320027A553 /* GithubAPI.swift in Sources */,
				E0394985201CD9E700413C94 /* FeedViewModel.swift in Sources */,
				E039498D201CDC2900413C94 /* Navigator.swift in Sources */,
				E04B8041202118860017492A /* UITableView.swift in Sources */,
				E04B803820210FA50017492A /* EventCell.swift in Sources */,
				E0394990201CDE1C00413C94 /* Coordinator.swift in Sources */,
				E0FE8D1B201DE60B001CBBD5 /* GithubAPIClient.swift in Sources */,
				E01F834E202625AB0048EB7C /* Alertable.swift in Sources */,
				E016DA42201E24DA0043BEE5 /* URLSessionProtocol.swift in Sources */,
				E0A864B1201D01E00027A553 /* HTTPMethod.swift in Sources */,
				E0394994201CE0E100413C94 /* RootCoordinator.swift in Sources */,
				E0A864BD201D08640027A553 /* Configuration.swift in Sources */,
				E04B803D202117BB0017492A /* Identifiable.swift in Sources */,
				E04B803B20210FE40017492A /* EventCellViewModel.swift in Sources */,
				E0AC2BC1201FABD7008A7EE4 /* Actor.swift in Sources */,
			);
			runOnlyForDeploymentPostprocessing = 0;
		};
		E0394966201CD50500413C94 /* Sources */ = {
			isa = PBXSourcesBuildPhase;
			buildActionMask = 2147483647;
			files = (
				E04B80482022412E0017492A /* EventCellTests.swift in Sources */,
				E0AC2BC8201FC448008A7EE4 /* ActorTests.swift in Sources */,
				E0AC2BC6201FC43D008A7EE4 /* EventTests.swift in Sources */,
				E016DA3C201E19650043BEE5 /* MockURLSession.swift in Sources */,
				E0AC2BCA201FC452008A7EE4 /* RepositoryTests.swift in Sources */,
				E016DA3A201E192C0043BEE5 /* GithubAPIClientTests.swift in Sources */,
				E04B804C20224AB70017492A /* FeedViewControllerTests.swift in Sources */,
				E01F834A2022571B0048EB7C /* FeedViewModelTests.swift in Sources */,
				E04B804620223E790017492A /* EventCellViewModelTests.swift in Sources */,
				E0A864AA201CFA8B0027A553 /* RootCoordinatorTests.swift in Sources */,
				E01F834C2022577B0048EB7C /* MockGithubAPIClient.swift in Sources */,
				E039499C201CE70F00413C94 /* FeedCoordinatorTests.swift in Sources */,
				E04B805020224B540017492A /* MockFeedViewModel.swift in Sources */,
				E0EEF1B7201CF06600052978 /* NavigatorTests.swift in Sources */,
				E03949A0201CECAB00413C94 /* MockNavigationController.swift in Sources */,
				E016DA46201E25BF0043BEE5 /* MockURLSessionDataTask.swift in Sources */,
			);
			runOnlyForDeploymentPostprocessing = 0;
		};
/* End PBXSourcesBuildPhase section */

/* Begin PBXTargetDependency section */
		E039496C201CD50500413C94 /* PBXTargetDependency */ = {
			isa = PBXTargetDependency;
			target = E0394955201CD50500413C94 /* RxSwiftFeed */;
			targetProxy = E039496B201CD50500413C94 /* PBXContainerItemProxy */;
		};
/* End PBXTargetDependency section */

/* Begin XCBuildConfiguration section */
		E0394971201CD50500413C94 /* Debug */ = {
			isa = XCBuildConfiguration;
			buildSettings = {
				ALWAYS_SEARCH_USER_PATHS = NO;
				CLANG_ANALYZER_NONNULL = YES;
				CLANG_ANALYZER_NUMBER_OBJECT_CONVERSION = YES_AGGRESSIVE;
				CLANG_CXX_LANGUAGE_STANDARD = "gnu++14";
				CLANG_CXX_LIBRARY = "libc++";
				CLANG_ENABLE_MODULES = YES;
				CLANG_ENABLE_OBJC_ARC = YES;
				CLANG_WARN_BLOCK_CAPTURE_AUTORELEASING = YES;
				CLANG_WARN_BOOL_CONVERSION = YES;
				CLANG_WARN_COMMA = YES;
				CLANG_WARN_CONSTANT_CONVERSION = YES;
				CLANG_WARN_DIRECT_OBJC_ISA_USAGE = YES_ERROR;
				CLANG_WARN_DOCUMENTATION_COMMENTS = YES;
				CLANG_WARN_EMPTY_BODY = YES;
				CLANG_WARN_ENUM_CONVERSION = YES;
				CLANG_WARN_INFINITE_RECURSION = YES;
				CLANG_WARN_INT_CONVERSION = YES;
				CLANG_WARN_NON_LITERAL_NULL_CONVERSION = YES;
				CLANG_WARN_OBJC_LITERAL_CONVERSION = YES;
				CLANG_WARN_OBJC_ROOT_CLASS = YES_ERROR;
				CLANG_WARN_RANGE_LOOP_ANALYSIS = YES;
				CLANG_WARN_STRICT_PROTOTYPES = YES;
				CLANG_WARN_SUSPICIOUS_MOVE = YES;
				CLANG_WARN_UNGUARDED_AVAILABILITY = YES_AGGRESSIVE;
				CLANG_WARN_UNREACHABLE_CODE = YES;
				CLANG_WARN__DUPLICATE_METHOD_MATCH = YES;
				CODE_SIGN_IDENTITY = "iPhone Developer";
				COPY_PHASE_STRIP = NO;
				DEBUG_INFORMATION_FORMAT = dwarf;
				ENABLE_STRICT_OBJC_MSGSEND = YES;
				ENABLE_TESTABILITY = YES;
				GCC_C_LANGUAGE_STANDARD = gnu11;
				GCC_DYNAMIC_NO_PIC = NO;
				GCC_NO_COMMON_BLOCKS = YES;
				GCC_OPTIMIZATION_LEVEL = 0;
				GCC_PREPROCESSOR_DEFINITIONS = (
					"DEBUG=1",
					"$(inherited)",
				);
				GCC_WARN_64_TO_32_BIT_CONVERSION = YES;
				GCC_WARN_ABOUT_RETURN_TYPE = YES_ERROR;
				GCC_WARN_UNDECLARED_SELECTOR = YES;
				GCC_WARN_UNINITIALIZED_AUTOS = YES_AGGRESSIVE;
				GCC_WARN_UNUSED_FUNCTION = YES;
				GCC_WARN_UNUSED_VARIABLE = YES;
				IPHONEOS_DEPLOYMENT_TARGET = 11.2;
				MTL_ENABLE_DEBUG_INFO = YES;
				ONLY_ACTIVE_ARCH = YES;
				SDKROOT = iphoneos;
				SWIFT_ACTIVE_COMPILATION_CONDITIONS = DEBUG;
				SWIFT_OPTIMIZATION_LEVEL = "-Onone";
			};
			name = Debug;
		};
		E0394972201CD50500413C94 /* Release */ = {
			isa = XCBuildConfiguration;
			buildSettings = {
				ALWAYS_SEARCH_USER_PATHS = NO;
				CLANG_ANALYZER_NONNULL = YES;
				CLANG_ANALYZER_NUMBER_OBJECT_CONVERSION = YES_AGGRESSIVE;
				CLANG_CXX_LANGUAGE_STANDARD = "gnu++14";
				CLANG_CXX_LIBRARY = "libc++";
				CLANG_ENABLE_MODULES = YES;
				CLANG_ENABLE_OBJC_ARC = YES;
				CLANG_WARN_BLOCK_CAPTURE_AUTORELEASING = YES;
				CLANG_WARN_BOOL_CONVERSION = YES;
				CLANG_WARN_COMMA = YES;
				CLANG_WARN_CONSTANT_CONVERSION = YES;
				CLANG_WARN_DIRECT_OBJC_ISA_USAGE = YES_ERROR;
				CLANG_WARN_DOCUMENTATION_COMMENTS = YES;
				CLANG_WARN_EMPTY_BODY = YES;
				CLANG_WARN_ENUM_CONVERSION = YES;
				CLANG_WARN_INFINITE_RECURSION = YES;
				CLANG_WARN_INT_CONVERSION = YES;
				CLANG_WARN_NON_LITERAL_NULL_CONVERSION = YES;
				CLANG_WARN_OBJC_LITERAL_CONVERSION = YES;
				CLANG_WARN_OBJC_ROOT_CLASS = YES_ERROR;
				CLANG_WARN_RANGE_LOOP_ANALYSIS = YES;
				CLANG_WARN_STRICT_PROTOTYPES = YES;
				CLANG_WARN_SUSPICIOUS_MOVE = YES;
				CLANG_WARN_UNGUARDED_AVAILABILITY = YES_AGGRESSIVE;
				CLANG_WARN_UNREACHABLE_CODE = YES;
				CLANG_WARN__DUPLICATE_METHOD_MATCH = YES;
				CODE_SIGN_IDENTITY = "iPhone Developer";
				COPY_PHASE_STRIP = NO;
				DEBUG_INFORMATION_FORMAT = "dwarf-with-dsym";
				ENABLE_NS_ASSERTIONS = NO;
				ENABLE_STRICT_OBJC_MSGSEND = YES;
				GCC_C_LANGUAGE_STANDARD = gnu11;
				GCC_NO_COMMON_BLOCKS = YES;
				GCC_WARN_64_TO_32_BIT_CONVERSION = YES;
				GCC_WARN_ABOUT_RETURN_TYPE = YES_ERROR;
				GCC_WARN_UNDECLARED_SELECTOR = YES;
				GCC_WARN_UNINITIALIZED_AUTOS = YES_AGGRESSIVE;
				GCC_WARN_UNUSED_FUNCTION = YES;
				GCC_WARN_UNUSED_VARIABLE = YES;
				IPHONEOS_DEPLOYMENT_TARGET = 11.2;
				MTL_ENABLE_DEBUG_INFO = NO;
				SDKROOT = iphoneos;
				SWIFT_OPTIMIZATION_LEVEL = "-Owholemodule";
				VALIDATE_PRODUCT = YES;
			};
			name = Release;
		};
		E0394974201CD50500413C94 /* Debug */ = {
			isa = XCBuildConfiguration;
			baseConfigurationReference = E0A864B9201D058C0027A553 /* debug.xcconfig */;
			buildSettings = {
				ASSETCATALOG_COMPILER_APPICON_NAME = AppIcon;
				CODE_SIGN_STYLE = Automatic;
				DEVELOPMENT_TEAM = P8WVW27EH5;
				INFOPLIST_FILE = "$(SRCROOT)/RxSwiftFeed/Resources/Info.plist";
				IPHONEOS_DEPLOYMENT_TARGET = "$(IPHONEOS_DEPLOYMENT_TARGET)";
				LD_RUNPATH_SEARCH_PATHS = "$(inherited) @executable_path/Frameworks";
				PRODUCT_BUNDLE_IDENTIFIER = com.amadeuandrade.RxSwiftFeed;
				PRODUCT_NAME = "$(TARGET_NAME)";
				SWIFT_VERSION = 4.0;
				TARGETED_DEVICE_FAMILY = "1,2";
			};
			name = Debug;
		};
		E0394975201CD50500413C94 /* Release */ = {
			isa = XCBuildConfiguration;
			baseConfigurationReference = E0A864BB201D05A40027A553 /* release.xcconfig */;
			buildSettings = {
				ASSETCATALOG_COMPILER_APPICON_NAME = AppIcon;
				CODE_SIGN_STYLE = Automatic;
				DEVELOPMENT_TEAM = P8WVW27EH5;
				INFOPLIST_FILE = "$(SRCROOT)/RxSwiftFeed/Resources/Info.plist";
				IPHONEOS_DEPLOYMENT_TARGET = "$(IPHONEOS_DEPLOYMENT_TARGET)";
				LD_RUNPATH_SEARCH_PATHS = "$(inherited) @executable_path/Frameworks";
				PRODUCT_BUNDLE_IDENTIFIER = com.amadeuandrade.RxSwiftFeed;
				PRODUCT_NAME = "$(TARGET_NAME)";
				SWIFT_VERSION = 4.0;
				TARGETED_DEVICE_FAMILY = "1,2";
			};
			name = Release;
		};
		E0394977201CD50500413C94 /* Debug */ = {
			isa = XCBuildConfiguration;
			baseConfigurationReference = E0A864B8201D05810027A553 /* debug.tests.xcconfig */;
			buildSettings = {
				ALWAYS_EMBED_SWIFT_STANDARD_LIBRARIES = YES;
				BUNDLE_LOADER = "$(TEST_HOST)";
				CLANG_ENABLE_MODULES = YES;
				CODE_SIGN_STYLE = Automatic;
				DEVELOPMENT_TEAM = P8WVW27EH5;
				INFOPLIST_FILE = "RxSwiftFeedTests/Supporting Files/Info.plist";
				LD_RUNPATH_SEARCH_PATHS = "$(inherited) @executable_path/Frameworks @loader_path/Frameworks";
				PRODUCT_BUNDLE_IDENTIFIER = com.amadeuandrade.RxSwiftFeedTests;
				PRODUCT_NAME = "$(TARGET_NAME)";
				SWIFT_OPTIMIZATION_LEVEL = "-Onone";
				SWIFT_VERSION = 4.0;
				TARGETED_DEVICE_FAMILY = "1,2";
				TEST_HOST = "$(BUILT_PRODUCTS_DIR)/RxSwiftFeed.app/RxSwiftFeed";
			};
			name = Debug;
		};
		E0394978201CD50500413C94 /* Release */ = {
			isa = XCBuildConfiguration;
			baseConfigurationReference = E0A864BA201D05980027A553 /* release.tests.xcconfig */;
			buildSettings = {
				ALWAYS_EMBED_SWIFT_STANDARD_LIBRARIES = YES;
				BUNDLE_LOADER = "$(TEST_HOST)";
				CLANG_ENABLE_MODULES = YES;
				CODE_SIGN_STYLE = Automatic;
				DEVELOPMENT_TEAM = P8WVW27EH5;
				INFOPLIST_FILE = "RxSwiftFeedTests/Supporting Files/Info.plist";
				LD_RUNPATH_SEARCH_PATHS = "$(inherited) @executable_path/Frameworks @loader_path/Frameworks";
				PRODUCT_BUNDLE_IDENTIFIER = com.amadeuandrade.RxSwiftFeedTests;
				PRODUCT_NAME = "$(TARGET_NAME)";
				SWIFT_VERSION = 4.0;
				TARGETED_DEVICE_FAMILY = "1,2";
				TEST_HOST = "$(BUILT_PRODUCTS_DIR)/RxSwiftFeed.app/RxSwiftFeed";
			};
			name = Release;
		};
/* End XCBuildConfiguration section */

/* Begin XCConfigurationList section */
		E0394951201CD50500413C94 /* Build configuration list for PBXProject "RxSwiftFeed" */ = {
			isa = XCConfigurationList;
			buildConfigurations = (
				E0394971201CD50500413C94 /* Debug */,
				E0394972201CD50500413C94 /* Release */,
			);
			defaultConfigurationIsVisible = 0;
			defaultConfigurationName = Release;
		};
		E0394973201CD50500413C94 /* Build configuration list for PBXNativeTarget "RxSwiftFeed" */ = {
			isa = XCConfigurationList;
			buildConfigurations = (
				E0394974201CD50500413C94 /* Debug */,
				E0394975201CD50500413C94 /* Release */,
			);
			defaultConfigurationIsVisible = 0;
			defaultConfigurationName = Release;
		};
		E0394976201CD50500413C94 /* Build configuration list for PBXNativeTarget "RxSwiftFeedTests" */ = {
			isa = XCConfigurationList;
			buildConfigurations = (
				E0394977201CD50500413C94 /* Debug */,
				E0394978201CD50500413C94 /* Release */,
			);
			defaultConfigurationIsVisible = 0;
			defaultConfigurationName = Release;
		};
/* End XCConfigurationList section */
	};
	rootObject = E039494E201CD50500413C94 /* Project object */;
}
